
Microsoft Visual Studio Solution File, Format Version 12.00
# Visual Studio 15
VisualStudioVersion = 15.0.28307.329
MinimumVisualStudioVersion = 10.0.40219.1
Project("{FAE04EC0-301F-11D3-BF4B-00C04F79EFBC}") = "Hackathon", "Hackathon\Hackathon.csproj", "{FA200232-9309-4C52-9B63-4AF0ABB83C12}"
EndProject
Project("{E24C65DC-7377-472B-9ABA-BC803B73C61A}") = "Hackathon_18_206_0011", "Hackathon_18_206_0011\", "{EAFBB4C5-86BA-48F5-A287-1E3815A09C09}"
	ProjectSection(WebsiteProperties) = preProject
		TargetFrameworkMoniker = ".NETFramework,Version%3Dv4.7.1"
		ProjectReferences = "{fa200232-9309-4c52-9b63-4af0abb83c12}|Hackathon.dll;"
		Debug.AspNetCompiler.VirtualPath = "/localhost_57126"
		Debug.AspNetCompiler.PhysicalPath = "Hackathon_18_206_0011\"
		Debug.AspNetCompiler.TargetPath = "PrecompiledWeb\localhost_57126\"
		Debug.AspNetCompiler.Updateable = "true"
		Debug.AspNetCompiler.ForceOverwrite = "true"
		Debug.AspNetCompiler.FixedNames = "false"
		Debug.AspNetCompiler.Debug = "True"
		Release.AspNetCompiler.VirtualPath = "/localhost_57126"
		Release.AspNetCompiler.PhysicalPath = "Hackathon_18_206_0011\"
		Release.AspNetCompiler.TargetPath = "PrecompiledWeb\localhost_57126\"
		Release.AspNetCompiler.Updateable = "true"
		Release.AspNetCompiler.ForceOverwrite = "true"
		Release.AspNetCompiler.FixedNames = "false"
		Release.AspNetCompiler.Debug = "False"
		VWDPort = "57126"
		SlnRelativePath = "Hackathon_18_206_0011\"
	EndProjectSection
EndProject
Project("{9A19103F-16F7-4668-BE54-9A1E7A4F7556}") = "AcumaticaRequest", "AcumaticaRequest\AcumaticaRequest.csproj", "{5DF55E83-A4D3-47DA-814D-FF1DEF86E092}"
EndProject
Global
	GlobalSection(SolutionConfigurationPlatforms) = preSolution
		Debug|Any CPU = Debug|Any CPU
		Release|Any CPU = Release|Any CPU
	EndGlobalSection
	GlobalSection(ProjectConfigurationPlatforms) = postSolution
		{FA200232-9309-4C52-9B63-4AF0ABB83C12}.Debug|Any CPU.ActiveCfg = Debug|Any CPU
		{FA200232-9309-4C52-9B63-4AF0ABB83C12}.Debug|Any CPU.Build.0 = Debug|Any CPU
		{FA200232-9309-4C52-9B63-4AF0ABB83C12}.Release|Any CPU.ActiveCfg = Release|Any CPU
		{FA200232-9309-4C52-9B63-4AF0ABB83C12}.Release|Any CPU.Build.0 = Release|Any CPU
		{EAFBB4C5-86BA-48F5-A287-1E3815A09C09}.Debug|Any CPU.ActiveCfg = Debug|Any CPU
		{EAFBB4C5-86BA-48F5-A287-1E3815A09C09}.Debug|Any CPU.Build.0 = Debug|Any CPU
		{EAFBB4C5-86BA-48F5-A287-1E3815A09C09}.Release|Any CPU.ActiveCfg = Debug|Any CPU
		{EAFBB4C5-86BA-48F5-A287-1E3815A09C09}.Release|Any CPU.Build.0 = Debug|Any CPU
		{5DF55E83-A4D3-47DA-814D-FF1DEF86E092}.Debug|Any CPU.ActiveCfg = Debug|Any CPU
		{5DF55E83-A4D3-47DA-814D-FF1DEF86E092}.Debug|Any CPU.Build.0 = Debug|Any CPU
		{5DF55E83-A4D3-47DA-814D-FF1DEF86E092}.Release|Any CPU.ActiveCfg = Release|Any CPU
		{5DF55E83-A4D3-47DA-814D-FF1DEF86E092}.Release|Any CPU.Build.0 = Release|Any CPU
	EndGlobalSection
	GlobalSection(SolutionProperties) = preSolution
		HideSolutionNode = FALSE
	EndGlobalSection
	GlobalSection(ExtensibilityGlobals) = postSolution
		SolutionGuid = {19E59B6A-3A28-45AA-ACF9-99FEAFF2DA22}
	EndGlobalSection
EndGlobal
